// !$*UTF8*$!
{
	archiveVersion = 1;
	classes = {
	};
	objectVersion = 50;
	objects = {

/* Begin PBXBuildFile section */
		09A413FA217F1D0D00AD440F /* YLCompanySettingUtil.m in Sources */ = {isa = PBXBuildFile; fileRef = 09A413F2217F1D0C00AD440F /* YLCompanySettingUtil.m */; };
		09A413FB217F1D0D00AD440F /* YLUserDataManager.m in Sources */ = {isa = PBXBuildFile; fileRef = 09A413F4217F1D0C00AD440F /* YLUserDataManager.m */; };
		09A413FC217F1D0D00AD440F /* YLUtil.m in Sources */ = {isa = PBXBuildFile; fileRef = 09A413F6217F1D0D00AD440F /* YLUtil.m */; };
		09D709B0217DAC8100775D41 /* AppDelegate.m in Sources */ = {isa = PBXBuildFile; fileRef = 09D709AF217DAC8100775D41 /* AppDelegate.m */; };
		09D709B3217DAC8100775D41 /* ViewController.m in Sources */ = {isa = PBXBuildFile; fileRef = 09D709B2217DAC8100775D41 /* ViewController.m */; };
		09D709B6217DAC8100775D41 /* Main.storyboard in Resources */ = {isa = PBXBuildFile; fileRef = 09D709B4217DAC8100775D41 /* Main.storyboard */; };
		09D709B8217DAC8300775D41 /* Assets.xcassets in Resources */ = {isa = PBXBuildFile; fileRef = 09D709B7217DAC8300775D41 /* Assets.xcassets */; };
		09D709BB217DAC8300775D41 /* LaunchScreen.storyboard in Resources */ = {isa = PBXBuildFile; fileRef = 09D709B9217DAC8300775D41 /* LaunchScreen.storyboard */; };
		09D709BE217DAC8300775D41 /* main.m in Sources */ = {isa = PBXBuildFile; fileRef = 09D709BD217DAC8300775D41 /* main.m */; };
		09D709C7217DB79400775D41 /* Util.m in Sources */ = {isa = PBXBuildFile; fileRef = 09D709C5217DB79400775D41 /* Util.m */; };
		308AEF63DA4266949737EF26 /* libPods-YJUtilExample.a in Frameworks */ = {isa = PBXBuildFile; fileRef = 7298051993D4AD14B8F3AA61 /* libPods-YJUtilExample.a */; };
/* End PBXBuildFile section */

/* Begin PBXFileReference section */
		09A413F2217F1D0C00AD440F /* YLCompanySettingUtil.m */ = {isa = PBXFileReference; fileEncoding = 4; lastKnownFileType = sourcecode.c.objc; path = YLCompanySettingUtil.m; sourceTree = "<group>"; };
		09A413F3217F1D0C00AD440F /* YLCompanySettingUtil.h */ = {isa = PBXFileReference; fileEncoding = 4; lastKnownFileType = sourcecode.c.h; path = YLCompanySettingUtil.h; sourceTree = "<group>"; };
		09A413F4217F1D0C00AD440F /* YLUserDataManager.m */ = {isa = PBXFileReference; fileEncoding = 4; lastKnownFileType = sourcecode.c.objc; path = YLUserDataManager.m; sourceTree = "<group>"; };
		09A413F6217F1D0D00AD440F /* YLUtil.m */ = {isa = PBXFileReference; fileEncoding = 4; lastKnownFileType = sourcecode.c.objc; path = YLUtil.m; sourceTree = "<group>"; };
		09A413F7217F1D0D00AD440F /* YLUtil.h */ = {isa = PBXFileReference; fileEncoding = 4; lastKnownFileType = sourcecode.c.h; path = YLUtil.h; sourceTree = "<group>"; };
		09A413F8217F1D0D00AD440F /* YLUserDataManager.h */ = {isa = PBXFileReference; fileEncoding = 4; lastKnownFileType = sourcecode.c.h; path = YLUserDataManager.h; sourceTree = "<group>"; };
		09D709AB217DAC8100775D41 /* YJUtilExample.app */ = {isa = PBXFileReference; explicitFileType = wrapper.application; includeInIndex = 0; path = YJUtilExample.app; sourceTree = BUILT_PRODUCTS_DIR; };
		09D709AE217DAC8100775D41 /* AppDelegate.h */ = {isa = PBXFileReference; lastKnownFileType = sourcecode.c.h; path = AppDelegate.h; sourceTree = "<group>"; };
		09D709AF217DAC8100775D41 /* AppDelegate.m */ = {isa = PBXFileReference; lastKnownFileType = sourcecode.c.objc; path = AppDelegate.m; sourceTree = "<group>"; };
		09D709B1217DAC8100775D41 /* ViewController.h */ = {isa = PBXFileReference; lastKnownFileType = sourcecode.c.h; path = ViewController.h; sourceTree = "<group>"; };
		09D709B2217DAC8100775D41 /* ViewController.m */ = {isa = PBXFileReference; lastKnownFileType = sourcecode.c.objc; path = ViewController.m; sourceTree = "<group>"; };
		09D709B5217DAC8100775D41 /* Base */ = {isa = PBXFileReference; lastKnownFileType = file.storyboard; name = Base; path = Base.lproj/Main.storyboard; sourceTree = "<group>"; };
		09D709B7217DAC8300775D41 /* Assets.xcassets */ = {isa = PBXFileReference; lastKnownFileType = folder.assetcatalog; path = Assets.xcassets; sourceTree = "<group>"; };
		09D709BA217DAC8300775D41 /* Base */ = {isa = PBXFileReference; lastKnownFileType = file.storyboard; name = Base; path = Base.lproj/LaunchScreen.storyboard; sourceTree = "<group>"; };
		09D709BC217DAC8300775D41 /* Info.plist */ = {isa = PBXFileReference; lastKnownFileType = text.plist.xml; path = Info.plist; sourceTree = "<group>"; };
		09D709BD217DAC8300775D41 /* main.m */ = {isa = PBXFileReference; lastKnownFileType = sourcecode.c.objc; path = main.m; sourceTree = "<group>"; };
		09D709C5217DB79400775D41 /* Util.m */ = {isa = PBXFileReference; fileEncoding = 4; lastKnownFileType = sourcecode.c.objc; path = Util.m; sourceTree = "<group>"; };
		09D709C6217DB79400775D41 /* Util.h */ = {isa = PBXFileReference; fileEncoding = 4; lastKnownFileType = sourcecode.c.h; path = Util.h; sourceTree = "<group>"; };
		7298051993D4AD14B8F3AA61 /* libPods-YJUtilExample.a */ = {isa = PBXFileReference; explicitFileType = archive.ar; includeInIndex = 0; path = "libPods-YJUtilExample.a"; sourceTree = BUILT_PRODUCTS_DIR; };
		9D9E1C4E742DAF4B4F874C0E /* Pods-YJUtilExample.release.xcconfig */ = {isa = PBXFileReference; includeInIndex = 1; lastKnownFileType = text.xcconfig; name = "Pods-YJUtilExample.release.xcconfig"; path = "Pods/Target Support Files/Pods-YJUtilExample/Pods-YJUtilExample.release.xcconfig"; sourceTree = "<group>"; };
		B6BF80AC1AA4C11F58551DFE /* Pods-YJUtilExample.debug.xcconfig */ = {isa = PBXFileReference; includeInIndex = 1; lastKnownFileType = text.xcconfig; name = "Pods-YJUtilExample.debug.xcconfig"; path = "Pods/Target Support Files/Pods-YJUtilExample/Pods-YJUtilExample.debug.xcconfig"; sourceTree = "<group>"; };
/* End PBXFileReference section */

/* Begin PBXFrameworksBuildPhase section */
		09D709A8217DAC8100775D41 /* Frameworks */ = {
			isa = PBXFrameworksBuildPhase;
			buildActionMask = 2147483647;
			files = (
				308AEF63DA4266949737EF26 /* libPods-YJUtilExample.a in Frameworks */,
			);
			runOnlyForDeploymentPostprocessing = 0;
		};
/* End PBXFrameworksBuildPhase section */

/* Begin PBXGroup section */
		09D709A2217DAC8100775D41 = {
			isa = PBXGroup;
			children = (
				09D709AD217DAC8100775D41 /* YJUtilExample */,
				09D709AC217DAC8100775D41 /* Products */,
				F8CE7E4C5592F8D018145387 /* Pods */,
				1A1EDDA824EBDDFD7D5A104E /* Frameworks */,
			);
			sourceTree = "<group>";
		};
		09D709AC217DAC8100775D41 /* Products */ = {
			isa = PBXGroup;
			children = (
				09D709AB217DAC8100775D41 /* YJUtilExample.app */,
			);
			name = Products;
			sourceTree = "<group>";
		};
		09D709AD217DAC8100775D41 /* YJUtilExample */ = {
			isa = PBXGroup;
			children = (
				09D709C4217DB79400775D41 /* YJUtil */,
				09D709AE217DAC8100775D41 /* AppDelegate.h */,
				09D709AF217DAC8100775D41 /* AppDelegate.m */,
				09D709B1217DAC8100775D41 /* ViewController.h */,
				09D709B2217DAC8100775D41 /* ViewController.m */,
				09D709B4217DAC8100775D41 /* Main.storyboard */,
				09D709B7217DAC8300775D41 /* Assets.xcassets */,
				09D709B9217DAC8300775D41 /* LaunchScreen.storyboard */,
				09D709BC217DAC8300775D41 /* Info.plist */,
				09D709BD217DAC8300775D41 /* main.m */,
			);
			path = YJUtilExample;
			sourceTree = "<group>";
		};
		09D709C4217DB79400775D41 /* YJUtil */ = {
			isa = PBXGroup;
			children = (
				09A413F3217F1D0C00AD440F /* YLCompanySettingUtil.h */,
				09A413F2217F1D0C00AD440F /* YLCompanySettingUtil.m */,
				09A413F8217F1D0D00AD440F /* YLUserDataManager.h */,
				09A413F4217F1D0C00AD440F /* YLUserDataManager.m */,
				09A413F7217F1D0D00AD440F /* YLUtil.h */,
				09A413F6217F1D0D00AD440F /* YLUtil.m */,
				09D709C5217DB79400775D41 /* Util.m */,
				09D709C6217DB79400775D41 /* Util.h */,
			);
			name = YJUtil;
			path = ../../YJUtil;
			sourceTree = "<group>";
		};
		1A1EDDA824EBDDFD7D5A104E /* Frameworks */ = {
			isa = PBXGroup;
			children = (
				7298051993D4AD14B8F3AA61 /* libPods-YJUtilExample.a */,
			);
			name = Frameworks;
			sourceTree = "<group>";
		};
		F8CE7E4C5592F8D018145387 /* Pods */ = {
			isa = PBXGroup;
			children = (
				B6BF80AC1AA4C11F58551DFE /* Pods-YJUtilExample.debug.xcconfig */,
				9D9E1C4E742DAF4B4F874C0E /* Pods-YJUtilExample.release.xcconfig */,
			);
			name = Pods;
			sourceTree = "<group>";
		};
/* End PBXGroup section */

/* Begin PBXNativeTarget section */
		09D709AA217DAC8100775D41 /* YJUtilExample */ = {
			isa = PBXNativeTarget;
			buildConfigurationList = 09D709C1217DAC8300775D41 /* Build configuration list for PBXNativeTarget "YJUtilExample" */;
			buildPhases = (
				9E1F38A58263F0FB98C5E5E7 /* [CP] Check Pods Manifest.lock */,
				09D709A7217DAC8100775D41 /* Sources */,
				09D709A8217DAC8100775D41 /* Frameworks */,
				09D709A9217DAC8100775D41 /* Resources */,
				C268D1E321DEE383919DC30E /* [CP] Embed Pods Frameworks */,
				E4C82D561BDE0291ADF387D6 /* [CP] Copy Pods Resources */,
			);
			buildRules = (
			);
			dependencies = (
			);
			name = YJUtilExample;
			productName = YJUtilExample;
			productReference = 09D709AB217DAC8100775D41 /* YJUtilExample.app */;
			productType = "com.apple.product-type.application";
		};
/* End PBXNativeTarget section */

/* Begin PBXProject section */
		09D709A3217DAC8100775D41 /* Project object */ = {
			isa = PBXProject;
			attributes = {
				LastUpgradeCheck = 1000;
				ORGANIZATIONNAME = yunli;
				TargetAttributes = {
					09D709AA217DAC8100775D41 = {
						CreatedOnToolsVersion = 10.0;
					};
				};
			};
			buildConfigurationList = 09D709A6217DAC8100775D41 /* Build configuration list for PBXProject "YJUtilExample" */;
			compatibilityVersion = "Xcode 9.3";
			developmentRegion = en;
			hasScannedForEncodings = 0;
			knownRegions = (
				en,
				Base,
			);
			mainGroup = 09D709A2217DAC8100775D41;
			productRefGroup = 09D709AC217DAC8100775D41 /* Products */;
			projectDirPath = "";
			projectRoot = "";
			targets = (
				09D709AA217DAC8100775D41 /* YJUtilExample */,
			);
		};
/* End PBXProject section */

/* Begin PBXResourcesBuildPhase section */
		09D709A9217DAC8100775D41 /* Resources */ = {
			isa = PBXResourcesBuildPhase;
			buildActionMask = 2147483647;
			files = (
				09D709BB217DAC8300775D41 /* LaunchScreen.storyboard in Resources */,
				09D709B8217DAC8300775D41 /* Assets.xcassets in Resources */,
				09D709B6217DAC8100775D41 /* Main.storyboard in Resources */,
			);
			runOnlyForDeploymentPostprocessing = 0;
		};
/* End PBXResourcesBuildPhase section */

/* Begin PBXShellScriptBuildPhase section */
		9E1F38A58263F0FB98C5E5E7 /* [CP] Check Pods Manifest.lock */ = {
			isa = PBXShellScriptBuildPhase;
			buildActionMask = 2147483647;
			files = (
			);
			inputFileListPaths = (
			);
			inputPaths = (
				"${PODS_PODFILE_DIR_PATH}/Podfile.lock",
				"${PODS_ROOT}/Manifest.lock",
			);
			name = "[CP] Check Pods Manifest.lock";
			outputFileListPaths = (
			);
			outputPaths = (
				"$(DERIVED_FILE_DIR)/Pods-YJUtilExample-checkManifestLockResult.txt",
			);
			runOnlyForDeploymentPostprocessing = 0;
			shellPath = /bin/sh;
			shellScript = "diff \"${PODS_PODFILE_DIR_PATH}/Podfile.lock\" \"${PODS_ROOT}/Manifest.lock\" > /dev/null\nif [ $? != 0 ] ; then\n    # print error to STDERR\n    echo \"error: The sandbox is not in sync with the Podfile.lock. Run 'pod install' or update your CocoaPods installation.\" >&2\n    exit 1\nfi\n# This output is used by Xcode 'outputs' to avoid re-running this script phase.\necho \"SUCCESS\" > \"${SCRIPT_OUTPUT_FILE_0}\"\n";
			showEnvVarsInLog = 0;
		};
		C268D1E321DEE383919DC30E /* [CP] Embed Pods Frameworks */ = {
			isa = PBXShellScriptBuildPhase;
			buildActionMask = 2147483647;
			files = (
			);
			inputFileListPaths = (
			);
			inputPaths = (
			);
			name = "[CP] Embed Pods Frameworks";
			outputFileListPaths = (
			);
			outputPaths = (
			);
			runOnlyForDeploymentPostprocessing = 0;
			shellPath = /bin/sh;
			shellScript = "\"${SRCROOT}/Pods/Target Support Files/Pods-YJUtilExample/Pods-YJUtilExample-frameworks.sh\"\n";
			showEnvVarsInLog = 0;
		};
		E4C82D561BDE0291ADF387D6 /* [CP] Copy Pods Resources */ = {
			isa = PBXShellScriptBuildPhase;
			buildActionMask = 2147483647;
			files = (
			);
			inputFileListPaths = (
			);
			inputPaths = (
			);
			name = "[CP] Copy Pods Resources";
			outputFileListPaths = (
			);
			outputPaths = (
			);
			runOnlyForDeploymentPostprocessing = 0;
			shellPath = /bin/sh;
			shellScript = "\"${SRCROOT}/Pods/Target Support Files/Pods-YJUtilExample/Pods-YJUtilExample-resources.sh\"\n";
			showEnvVarsInLog = 0;
		};
/* End PBXShellScriptBuildPhase section */

/* Begin PBXSourcesBuildPhase section */
		09D709A7217DAC8100775D41 /* Sources */ = {
			isa = PBXSourcesBuildPhase;
			buildActionMask = 2147483647;
			files = (
				09D709B3217DAC8100775D41 /* ViewController.m in Sources */,
				09D709BE217DAC8300775D41 /* main.m in Sources */,
				09A413FC217F1D0D00AD440F /* YLUtil.m in Sources */,
				09D709B0217DAC8100775D41 /* AppDelegate.m in Sources */,
				09A413FB217F1D0D00AD440F /* YLUserDataManager.m in Sources */,
				09A413FA217F1D0D00AD440F /* YLCompanySettingUtil.m in Sources */,
				09D709C7217DB79400775D41 /* Util.m in Sources */,
			);
			runOnlyForDeploymentPostprocessing = 0;
		};
/* End PBXSourcesBuildPhase section */

/* Begin PBXVariantGroup section */
		09D709B4217DAC8100775D41 /* Main.storyboard */ = {
			isa = PBXVariantGroup;
			children = (
				09D709B5217DAC8100775D41 /* Base */,
			);
			name = Main.storyboard;
			sourceTree = "<group>";
		};
		09D709B9217DAC8300775D41 /* LaunchScreen.storyboard */ = {
			isa = PBXVariantGroup;
			children = (
				09D709BA217DAC8300775D41 /* Base */,
			);
			name = LaunchScreen.storyboard;
			sourceTree = "<group>";
		};
/* End PBXVariantGroup section */

/* Begin XCBuildConfiguration section */
		09D709BF217DAC8300775D41 /* Debug */ = {
			isa = XCBuildConfiguration;
			buildSettings = {
				ALWAYS_SEARCH_USER_PATHS = NO;
				CLANG_ANALYZER_NONNULL = YES;
				CLANG_ANALYZER_NUMBER_OBJECT_CONVERSION = YES_AGGRESSIVE;
				CLANG_CXX_LANGUAGE_STANDARD = "gnu++14";
				CLANG_CXX_LIBRARY = "libc++";
				CLANG_ENABLE_MODULES = YES;
				CLANG_ENABLE_OBJC_ARC = YES;
				CLANG_ENABLE_OBJC_WEAK = YES;
				CLANG_WARN_BLOCK_CAPTURE_AUTORELEASING = YES;
				CLANG_WARN_BOOL_CONVERSION = YES;
				CLANG_WARN_COMMA = YES;
				CLANG_WARN_CONSTANT_CONVERSION = YES;
				CLANG_WARN_DEPRECATED_OBJC_IMPLEMENTATIONS = YES;
				CLANG_WARN_DIRECT_OBJC_ISA_USAGE = YES_ERROR;
				CLANG_WARN_DOCUMENTATION_COMMENTS = YES;
				CLANG_WARN_EMPTY_BODY = YES;
				CLANG_WARN_ENUM_CONVERSION = YES;
				CLANG_WARN_INFINITE_RECURSION = YES;
				CLANG_WARN_INT_CONVERSION = YES;
				CLANG_WARN_NON_LITERAL_NULL_CONVERSION = YES;
				CLANG_WARN_OBJC_IMPLICIT_RETAIN_SELF = YES;
				CLANG_WARN_OBJC_LITERAL_CONVERSION = YES;
				CLANG_WARN_OBJC_ROOT_CLASS = YES_ERROR;
				CLANG_WARN_RANGE_LOOP_ANALYSIS = YES;
				CLANG_WARN_STRICT_PROTOTYPES = YES;
				CLANG_WARN_SUSPICIOUS_MOVE = YES;
				CLANG_WARN_UNGUARDED_AVAILABILITY = YES_AGGRESSIVE;
				CLANG_WARN_UNREACHABLE_CODE = YES;
				CLANG_WARN__DUPLICATE_METHOD_MATCH = YES;
				CODE_SIGN_IDENTITY = "iPhone Developer";
				COPY_PHASE_STRIP = NO;
				DEBUG_INFORMATION_FORMAT = dwarf;
				ENABLE_STRICT_OBJC_MSGSEND = YES;
				ENABLE_TESTABILITY = YES;
				GCC_C_LANGUAGE_STANDARD = gnu11;
				GCC_DYNAMIC_NO_PIC = NO;
				GCC_NO_COMMON_BLOCKS = YES;
				GCC_OPTIMIZATION_LEVEL = 0;
				GCC_PREPROCESSOR_DEFINITIONS = (
					"DEBUG=1",
					"$(inherited)",
				);
				GCC_WARN_64_TO_32_BIT_CONVERSION = YES;
				GCC_WARN_ABOUT_RETURN_TYPE = YES_ERROR;
				GCC_WARN_UNDECLARED_SELECTOR = YES;
				GCC_WARN_UNINITIALIZED_AUTOS = YES_AGGRESSIVE;
				GCC_WARN_UNUSED_FUNCTION = YES;
				GCC_WARN_UNUSED_VARIABLE = YES;
				IPHONEOS_DEPLOYMENT_TARGET = 12.0;
				MTL_ENABLE_DEBUG_INFO = INCLUDE_SOURCE;
				MTL_FAST_MATH = YES;
				ONLY_ACTIVE_ARCH = YES;
				SDKROOT = iphoneos;
			};
			name = Debug;
		};
		09D709C0217DAC8300775D41 /* Release */ = {
			isa = XCBuildConfiguration;
			buildSettings = {
				ALWAYS_SEARCH_USER_PATHS = NO;
				CLANG_ANALYZER_NONNULL = YES;
				CLANG_ANALYZER_NUMBER_OBJECT_CONVERSION = YES_AGGRESSIVE;
				CLANG_CXX_LANGUAGE_STANDARD = "gnu++14";
				CLANG_CXX_LIBRARY = "libc++";
				CLANG_ENABLE_MODULES = YES;
				CLANG_ENABLE_OBJC_ARC = YES;
				CLANG_ENABLE_OBJC_WEAK = YES;
				CLANG_WARN_BLOCK_CAPTURE_AUTORELEASING = YES;
				CLANG_WARN_BOOL_CONVERSION = YES;
				CLANG_WARN_COMMA = YES;
				CLANG_WARN_CONSTANT_CONVERSION = YES;
				CLANG_WARN_DEPRECATED_OBJC_IMPLEMENTATIONS = YES;
				CLANG_WARN_DIRECT_OBJC_ISA_USAGE = YES_ERROR;
				CLANG_WARN_DOCUMENTATION_COMMENTS = YES;
				CLANG_WARN_EMPTY_BODY = YES;
				CLANG_WARN_ENUM_CONVERSION = YES;
				CLANG_WARN_INFINITE_RECURSION = YES;
				CLANG_WARN_INT_CONVERSION = YES;
				CLANG_WARN_NON_LITERAL_NULL_CONVERSION = YES;
				CLANG_WARN_OBJC_IMPLICIT_RETAIN_SELF = YES;
				CLANG_WARN_OBJC_LITERAL_CONVERSION = YES;
				CLANG_WARN_OBJC_ROOT_CLASS = YES_ERROR;
				CLANG_WARN_RANGE_LOOP_ANALYSIS = YES;
				CLANG_WARN_STRICT_PROTOTYPES = YES;
				CLANG_WARN_SUSPICIOUS_MOVE = YES;
				CLANG_WARN_UNGUARDED_AVAILABILITY = YES_AGGRESSIVE;
				CLANG_WARN_UNREACHABLE_CODE = YES;
				CLANG_WARN__DUPLICATE_METHOD_MATCH = YES;
				CODE_SIGN_IDENTITY = "iPhone Developer";
				COPY_PHASE_STRIP = NO;
				DEBUG_INFORMATION_FORMAT = "dwarf-with-dsym";
				ENABLE_NS_ASSERTIONS = NO;
				ENABLE_STRICT_OBJC_MSGSEND = YES;
				GCC_C_LANGUAGE_STANDARD = gnu11;
				GCC_NO_COMMON_BLOCKS = YES;
				GCC_WARN_64_TO_32_BIT_CONVERSION = YES;
				GCC_WARN_ABOUT_RETURN_TYPE = YES_ERROR;
				GCC_WARN_UNDECLARED_SELECTOR = YES;
				GCC_WARN_UNINITIALIZED_AUTOS = YES_AGGRESSIVE;
				GCC_WARN_UNUSED_FUNCTION = YES;
				GCC_WARN_UNUSED_VARIABLE = YES;
				IPHONEOS_DEPLOYMENT_TARGET = 12.0;
				MTL_ENABLE_DEBUG_INFO = NO;
				MTL_FAST_MATH = YES;
				SDKROOT = iphoneos;
				VALIDATE_PRODUCT = YES;
			};
			name = Release;
		};
		09D709C2217DAC8300775D41 /* Debug */ = {
			isa = XCBuildConfiguration;
			baseConfigurationReference = B6BF80AC1AA4C11F58551DFE /* Pods-YJUtilExample.debug.xcconfig */;
			buildSettings = {
				ASSETCATALOG_COMPILER_APPICON_NAME = AppIcon;
				CODE_SIGN_STYLE = Automatic;
				DEVELOPMENT_TEAM = 447C6XLHSL;
				INFOPLIST_FILE = YJUtilExample/Info.plist;
				LD_RUNPATH_SEARCH_PATHS = (
					"$(inherited)",
					"@executable_path/Frameworks",
				);
				PRODUCT_BUNDLE_IDENTIFIER = com.yunli.YJUtilExample;
				PRODUCT_NAME = "$(TARGET_NAME)";
				TARGETED_DEVICE_FAMILY = "1,2";
			};
			name = Debug;
		};
		09D709C3217DAC8300775D41 /* Release */ = {
			isa = XCBuildConfiguration;
			baseConfigurationReference = 9D9E1C4E742DAF4B4F874C0E /* Pods-YJUtilExample.release.xcconfig */;
			buildSettings = {
				ASSETCATALOG_COMPILER_APPICON_NAME = AppIcon;
				CODE_SIGN_STYLE = Automatic;
				DEVELOPMENT_TEAM = 447C6XLHSL;
				INFOPLIST_FILE = YJUtilExample/Info.plist;
				LD_RUNPATH_SEARCH_PATHS = (
					"$(inherited)",
					"@executable_path/Frameworks",
				);
				PRODUCT_BUNDLE_IDENTIFIER = com.yunli.YJUtilExample;
				PRODUCT_NAME = "$(TARGET_NAME)";
				TARGETED_DEVICE_FAMILY = "1,2";
			};
			name = Release;
		};
/* End XCBuildConfiguration section */

/* Begin XCConfigurationList section */
		09D709A6217DAC8100775D41 /* Build configuration list for PBXProject "YJUtilExample" */ = {
			isa = XCConfigurationList;
			buildConfigurations = (
				09D709BF217DAC8300775D41 /* Debug */,
				09D709C0217DAC8300775D41 /* Release */,
			);
			defaultConfigurationIsVisible = 0;
			defaultConfigurationName = Release;
		};
		09D709C1217DAC8300775D41 /* Build configuration list for PBXNativeTarget "YJUtilExample" */ = {
			isa = XCConfigurationList;
			buildConfigurations = (
				09D709C2217DAC8300775D41 /* Debug */,
				09D709C3217DAC8300775D41 /* Release */,
			);
			defaultConfigurationIsVisible = 0;
			defaultConfigurationName = Release;
		};
/* End XCConfigurationList section */
	};
	rootObject = 09D709A3217DAC8100775D41 /* Project object */;
}
